# This file was autogenerated by Stack.
# You should not edit this file by hand.
# For more information, please see the documentation at:
#   https://docs.haskellstack.org/en/stable/lock_files

packages:
- completed:
    hackage: aeson-value-parser-0.19.6@sha256:ccd8424b17fd5608c3f1f7e51c7d4b77ff64cd409b51387759d27fc0e6e419bc,2054
    pantry-tree:
      size: 454
      sha256: a2fa5c7577470e6472dcc9f9c3826486bfabce337149555a5297c11807bfe993
  original:
    hackage: aeson-value-parser-0.19.6
snapshots:
- completed:
    size: 545842
    url: https://raw.githubusercontent.com/commercialhaskell/stackage-snapshots/master/nightly/2022/4/4.yaml
    sha256: c4a9ea936518c6d01ed21a6a838c880781d29b4c5533a5d10187d45968733a3e
  original: nightly-2022-04-04
