# This file was autogenerated by Stack.
# You should not edit this file by hand.
# For more information, please see the documentation at:
#   https://docs.haskellstack.org/en/stable/lock_files

packages:
- completed:
    pantry-tree:
      sha256: 4c700792b51236a70e364ac79c1cd0d197596264c0f57099eb5cea193b663c1b
      size: 408
    hackage: aeson-value-parser-0.19.7@sha256:c114ae7deb86b55154a408896602f9ce61555ac6fd044e8e209c9c544ad2f4db,2054
  original:
    hackage: aeson-value-parser-0.19.7
snapshots:
- completed:
    sha256: 869e23c4f7367895ae63b129255b70bc8b4b965229aa258f6c50141c6b10ae76
    size: 607265
    url: https://raw.githubusercontent.com/commercialhaskell/stackage-snapshots/master/nightly/2022/6/8.yaml
  original: nightly-2022-06-08
